// !$*UTF8*$!
{
	archiveVersion = 1;
	classes = {
	};
	objectVersion = 46;
	objects = {

/* Begin PBXBuildFile section */
		ACBC1D391F7003FA00ABC58C /* AppDelegate.swift in Sources */ = {isa = PBXBuildFile; fileRef = ACBC1D381F7003FA00ABC58C /* AppDelegate.swift */; };
		ACBC1D3B1F7003FA00ABC58C /* ViewController.swift in Sources */ = {isa = PBXBuildFile; fileRef = ACBC1D3A1F7003FA00ABC58C /* ViewController.swift */; };
		ACBC1D401F7003FA00ABC58C /* Assets.xcassets in Resources */ = {isa = PBXBuildFile; fileRef = ACBC1D3F1F7003FA00ABC58C /* Assets.xcassets */; };
		ACBC1D431F7003FA00ABC58C /* LaunchScreen.storyboard in Resources */ = {isa = PBXBuildFile; fileRef = ACBC1D411F7003FA00ABC58C /* LaunchScreen.storyboard */; };
		ACBC1D4C1F70042200ABC58C /* DemoCell.swift in Sources */ = {isa = PBXBuildFile; fileRef = ACBC1D4A1F70042200ABC58C /* DemoCell.swift */; };
		ACBC1D4D1F70042200ABC58C /* MainTableViewController.swift in Sources */ = {isa = PBXBuildFile; fileRef = ACBC1D4B1F70042200ABC58C /* MainTableViewController.swift */; };
		ACBC1D4F1F70042C00ABC58C /* Main.storyboard in Resources */ = {isa = PBXBuildFile; fileRef = ACBC1D4E1F70042C00ABC58C /* Main.storyboard */; };
		ACBC1D511F70044500ABC58C /* FoldingCell.swift in Sources */ = {isa = PBXBuildFile; fileRef = ACBC1D501F70044500ABC58C /* FoldingCell.swift */; };
/* End PBXBuildFile section */

/* Begin PBXFileReference section */
		ACBC1D351F7003FA00ABC58C /* FoldingCell.app */ = {isa = PBXFileReference; explicitFileType = wrapper.application; includeInIndex = 0; path = FoldingCell.app; sourceTree = BUILT_PRODUCTS_DIR; };
		ACBC1D381F7003FA00ABC58C /* AppDelegate.swift */ = {isa = PBXFileReference; lastKnownFileType = sourcecode.swift; path = AppDelegate.swift; sourceTree = "<group>"; };
		ACBC1D3A1F7003FA00ABC58C /* ViewController.swift */ = {isa = PBXFileReference; lastKnownFileType = sourcecode.swift; path = ViewController.swift; sourceTree = "<group>"; };
		ACBC1D3F1F7003FA00ABC58C /* Assets.xcassets */ = {isa = PBXFileReference; lastKnownFileType = folder.assetcatalog; path = Assets.xcassets; sourceTree = "<group>"; };
		ACBC1D421F7003FA00ABC58C /* Base */ = {isa = PBXFileReference; lastKnownFileType = file.storyboard; name = Base; path = Base.lproj/LaunchScreen.storyboard; sourceTree = "<group>"; };
		ACBC1D441F7003FA00ABC58C /* Info.plist */ = {isa = PBXFileReference; lastKnownFileType = text.plist.xml; path = Info.plist; sourceTree = "<group>"; };
		ACBC1D4A1F70042200ABC58C /* DemoCell.swift */ = {isa = PBXFileReference; fileEncoding = 4; lastKnownFileType = sourcecode.swift; path = DemoCell.swift; sourceTree = "<group>"; };
		ACBC1D4B1F70042200ABC58C /* MainTableViewController.swift */ = {isa = PBXFileReference; fileEncoding = 4; lastKnownFileType = sourcecode.swift; path = MainTableViewController.swift; sourceTree = "<group>"; };
		ACBC1D4E1F70042C00ABC58C /* Main.storyboard */ = {isa = PBXFileReference; fileEncoding = 4; lastKnownFileType = file.storyboard; path = Main.storyboard; sourceTree = "<group>"; };
		ACBC1D501F70044500ABC58C /* FoldingCell.swift */ = {isa = PBXFileReference; fileEncoding = 4; lastKnownFileType = sourcecode.swift; path = FoldingCell.swift; sourceTree = "<group>"; };
/* End PBXFileReference section */

/* Begin PBXFrameworksBuildPhase section */
		ACBC1D321F7003FA00ABC58C /* Frameworks */ = {
			isa = PBXFrameworksBuildPhase;
			buildActionMask = 2147483647;
			files = (
			);
			runOnlyForDeploymentPostprocessing = 0;
		};
/* End PBXFrameworksBuildPhase section */

/* Begin PBXGroup section */
		ACBC1D2C1F7003FA00ABC58C = {
			isa = PBXGroup;
			children = (
				ACBC1D371F7003FA00ABC58C /* FoldingCell */,
				ACBC1D361F7003FA00ABC58C /* Products */,
			);
			sourceTree = "<group>";
		};
		ACBC1D361F7003FA00ABC58C /* Products */ = {
			isa = PBXGroup;
			children = (
				ACBC1D351F7003FA00ABC58C /* FoldingCell.app */,
			);
			name = Products;
			sourceTree = "<group>";
		};
		ACBC1D371F7003FA00ABC58C /* FoldingCell */ = {
			isa = PBXGroup;
			children = (
				ACBC1D381F7003FA00ABC58C /* AppDelegate.swift */,
				ACBC1D501F70044500ABC58C /* FoldingCell.swift */,
				ACBC1D3A1F7003FA00ABC58C /* ViewController.swift */,
				ACBC1D4A1F70042200ABC58C /* DemoCell.swift */,
				ACBC1D4B1F70042200ABC58C /* MainTableViewController.swift */,
				ACBC1D4E1F70042C00ABC58C /* Main.storyboard */,
				ACBC1D3F1F7003FA00ABC58C /* Assets.xcassets */,
				ACBC1D411F7003FA00ABC58C /* LaunchScreen.storyboard */,
				ACBC1D441F7003FA00ABC58C /* Info.plist */,
			);
			path = FoldingCell;
			sourceTree = "<group>";
		};
/* End PBXGroup section */

/* Begin PBXNativeTarget section */
		ACBC1D341F7003FA00ABC58C /* FoldingCell */ = {
			isa = PBXNativeTarget;
			buildConfigurationList = ACBC1D471F7003FA00ABC58C /* Build configuration list for PBXNativeTarget "FoldingCell" */;
			buildPhases = (
				ACBC1D311F7003FA00ABC58C /* Sources */,
				ACBC1D321F7003FA00ABC58C /* Frameworks */,
				ACBC1D331F7003FA00ABC58C /* Resources */,
			);
			buildRules = (
			);
			dependencies = (
			);
			name = FoldingCell;
			productName = FoldingCell;
			productReference = ACBC1D351F7003FA00ABC58C /* FoldingCell.app */;
			productType = "com.apple.product-type.application";
		};
/* End PBXNativeTarget section */

/* Begin PBXProject section */
		ACBC1D2D1F7003FA00ABC58C /* Project object */ = {
			isa = PBXProject;
			attributes = {
				LastSwiftUpdateCheck = 0830;
				LastUpgradeCheck = 0830;
				ORGANIZATIONNAME = "Yannick Dupire";
				TargetAttributes = {
					ACBC1D341F7003FA00ABC58C = {
						CreatedOnToolsVersion = 8.3.3;
						ProvisioningStyle = Automatic;
					};
				};
			};
			buildConfigurationList = ACBC1D301F7003FA00ABC58C /* Build configuration list for PBXProject "FoldingCell" */;
			compatibilityVersion = "Xcode 3.2";
			developmentRegion = English;
			hasScannedForEncodings = 0;
			knownRegions = (
				en,
				Base,
			);
			mainGroup = ACBC1D2C1F7003FA00ABC58C;
			productRefGroup = ACBC1D361F7003FA00ABC58C /* Products */;
			projectDirPath = "";
			projectRoot = "";
			targets = (
				ACBC1D341F7003FA00ABC58C /* FoldingCell */,
			);
		};
/* End PBXProject section */

/* Begin PBXResourcesBuildPhase section */
		ACBC1D331F7003FA00ABC58C /* Resources */ = {
			isa = PBXResourcesBuildPhase;
			buildActionMask = 2147483647;
			files = (
				ACBC1D431F7003FA00ABC58C /* LaunchScreen.storyboard in Resources */,
				ACBC1D401F7003FA00ABC58C /* Assets.xcassets in Resources */,
				ACBC1D4F1F70042C00ABC58C /* Main.storyboard in Resources */,
			);
			runOnlyForDeploymentPostprocessing = 0;
		};
/* End PBXResourcesBuildPhase section */

/* Begin PBXSourcesBuildPhase section */
		ACBC1D311F7003FA00ABC58C /* Sources */ = {
			isa = PBXSourcesBuildPhase;
			buildActionMask = 2147483647;
			files = (
				ACBC1D4D1F70042200ABC58C /* MainTableViewController.swift in Sources */,
				ACBC1D511F70044500ABC58C /* FoldingCell.swift in Sources */,
				ACBC1D3B1F7003FA00ABC58C /* ViewController.swift in Sources */,
				ACBC1D391F7003FA00ABC58C /* AppDelegate.swift in Sources */,
				ACBC1D4C1F70042200ABC58C /* DemoCell.swift in Sources */,
			);
			runOnlyForDeploymentPostprocessing = 0;
		};
/* End PBXSourcesBuildPhase section */

/* Begin PBXVariantGroup section */
		ACBC1D411F7003FA00ABC58C /* LaunchScreen.storyboard */ = {
			isa = PBXVariantGroup;
			children = (
				ACBC1D421F7003FA00ABC58C /* Base */,
			);
			name = LaunchScreen.storyboard;
			sourceTree = "<group>";
		};
/* End PBXVariantGroup section */

/* Begin XCBuildConfiguration section */
		ACBC1D451F7003FA00ABC58C /* Debug */ = {
			isa = XCBuildConfiguration;
			buildSettings = {
				ALWAYS_SEARCH_USER_PATHS = NO;
				CLANG_ANALYZER_NONNULL = YES;
				CLANG_ANALYZER_NUMBER_OBJECT_CONVERSION = YES_AGGRESSIVE;
				CLANG_CXX_LANGUAGE_STANDARD = "gnu++0x";
				CLANG_CXX_LIBRARY = "libc++";
				CLANG_ENABLE_MODULES = YES;
				CLANG_ENABLE_OBJC_ARC = YES;
				CLANG_WARN_BOOL_CONVERSION = YES;
				CLANG_WARN_CONSTANT_CONVERSION = YES;
				CLANG_WARN_DIRECT_OBJC_ISA_USAGE = YES_ERROR;
				CLANG_WARN_DOCUMENTATION_COMMENTS = YES;
				CLANG_WARN_EMPTY_BODY = YES;
				CLANG_WARN_ENUM_CONVERSION = YES;
				CLANG_WARN_INFINITE_RECURSION = YES;
				CLANG_WARN_INT_CONVERSION = YES;
				CLANG_WARN_OBJC_ROOT_CLASS = YES_ERROR;
				CLANG_WARN_SUSPICIOUS_MOVE = YES;
				CLANG_WARN_UNREACHABLE_CODE = YES;
				CLANG_WARN__DUPLICATE_METHOD_MATCH = YES;
				"CODE_SIGN_IDENTITY[sdk=iphoneos*]" = "iPhone Developer";
				COPY_PHASE_STRIP = NO;
				DEBUG_INFORMATION_FORMAT = dwarf;
				ENABLE_STRICT_OBJC_MSGSEND = YES;
				ENABLE_TESTABILITY = YES;
				GCC_C_LANGUAGE_STANDARD = gnu99;
				GCC_DYNAMIC_NO_PIC = NO;
				GCC_NO_COMMON_BLOCKS = YES;
				GCC_OPTIMIZATION_LEVEL = 0;
				GCC_PREPROCESSOR_DEFINITIONS = (
					"DEBUG=1",
					"$(inherited)",
				);
				GCC_WARN_64_TO_32_BIT_CONVERSION = YES;
				GCC_WARN_ABOUT_RETURN_TYPE = YES_ERROR;
				GCC_WARN_UNDECLARED_SELECTOR = YES;
				GCC_WARN_UNINITIALIZED_AUTOS = YES_AGGRESSIVE;
				GCC_WARN_UNUSED_FUNCTION = YES;
				GCC_WARN_UNUSED_VARIABLE = YES;
				IPHONEOS_DEPLOYMENT_TARGET = 10.3;
				MTL_ENABLE_DEBUG_INFO = YES;
				ONLY_ACTIVE_ARCH = YES;
				SDKROOT = iphoneos;
				SWIFT_ACTIVE_COMPILATION_CONDITIONS = DEBUG;
				SWIFT_OPTIMIZATION_LEVEL = "-Onone";
				TARGETED_DEVICE_FAMILY = 2;
			};
			name = Debug;
		};
		ACBC1D461F7003FA00ABC58C /* Release */ = {
			isa = XCBuildConfiguration;
			buildSettings = {
				ALWAYS_SEARCH_USER_PATHS = NO;
				CLANG_ANALYZER_NONNULL = YES;
				CLANG_ANALYZER_NUMBER_OBJECT_CONVERSION = YES_AGGRESSIVE;
				CLANG_CXX_LANGUAGE_STANDARD = "gnu++0x";
				CLANG_CXX_LIBRARY = "libc++";
				CLANG_ENABLE_MODULES = YES;
				CLANG_ENABLE_OBJC_ARC = YES;
				CLANG_WARN_BOOL_CONVERSION = YES;
				CLANG_WARN_CONSTANT_CONVERSION = YES;
				CLANG_WARN_DIRECT_OBJC_ISA_USAGE = YES_ERROR;
				CLANG_WARN_DOCUMENTATION_COMMENTS = YES;
				CLANG_WARN_EMPTY_BODY = YES;
				CLANG_WARN_ENUM_CONVERSION = YES;
				CLANG_WARN_INFINITE_RECURSION = YES;
				CLANG_WARN_INT_CONVERSION = YES;
				CLANG_WARN_OBJC_ROOT_CLASS = YES_ERROR;
				CLANG_WARN_SUSPICIOUS_MOVE = YES;
				CLANG_WARN_UNREACHABLE_CODE = YES;
				CLANG_WARN__DUPLICATE_METHOD_MATCH = YES;
				"CODE_SIGN_IDENTITY[sdk=iphoneos*]" = "iPhone Developer";
				COPY_PHASE_STRIP = NO;
				DEBUG_INFORMATION_FORMAT = "dwarf-with-dsym";
				ENABLE_NS_ASSERTIONS = NO;
				ENABLE_STRICT_OBJC_MSGSEND = YES;
				GCC_C_LANGUAGE_STANDARD = gnu99;
				GCC_NO_COMMON_BLOCKS = YES;
				GCC_WARN_64_TO_32_BIT_CONVERSION = YES;
				GCC_WARN_ABOUT_RETURN_TYPE = YES_ERROR;
				GCC_WARN_UNDECLARED_SELECTOR = YES;
				GCC_WARN_UNINITIALIZED_AUTOS = YES_AGGRESSIVE;
				GCC_WARN_UNUSED_FUNCTION = YES;
				GCC_WARN_UNUSED_VARIABLE = YES;
				IPHONEOS_DEPLOYMENT_TARGET = 10.3;
				MTL_ENABLE_DEBUG_INFO = NO;
				SDKROOT = iphoneos;
				SWIFT_OPTIMIZATION_LEVEL = "-Owholemodule";
				TARGETED_DEVICE_FAMILY = 2;
				VALIDATE_PRODUCT = YES;
			};
			name = Release;
		};
		ACBC1D481F7003FA00ABC58C /* Debug */ = {
			isa = XCBuildConfiguration;
			buildSettings = {
				ASSETCATALOG_COMPILER_APPICON_NAME = AppIcon;
				INFOPLIST_FILE = FoldingCell/Info.plist;
				LD_RUNPATH_SEARCH_PATHS = "$(inherited) @executable_path/Frameworks";
				PRODUCT_BUNDLE_IDENTIFIER = com.dupire.yannick.FoldingCell;
				PRODUCT_NAME = "$(TARGET_NAME)";
				SWIFT_VERSION = 3.0;
			};
			name = Debug;
		};
		ACBC1D491F7003FA00ABC58C /* Release */ = {
			isa = XCBuildConfiguration;
			buildSettings = {
				ASSETCATALOG_COMPILER_APPICON_NAME = AppIcon;
				INFOPLIST_FILE = FoldingCell/Info.plist;
				LD_RUNPATH_SEARCH_PATHS = "$(inherited) @executable_path/Frameworks";
				PRODUCT_BUNDLE_IDENTIFIER = com.dupire.yannick.FoldingCell;
				PRODUCT_NAME = "$(TARGET_NAME)";
				SWIFT_VERSION = 3.0;
			};
			name = Release;
		};
/* End XCBuildConfiguration section */

/* Begin XCConfigurationList section */
		ACBC1D301F7003FA00ABC58C /* Build configuration list for PBXProject "FoldingCell" */ = {
			isa = XCConfigurationList;
			buildConfigurations = (
				ACBC1D451F7003FA00ABC58C /* Debug */,
				ACBC1D461F7003FA00ABC58C /* Release */,
			);
			defaultConfigurationIsVisible = 0;
			defaultConfigurationName = Release;
		};
		ACBC1D471F7003FA00ABC58C /* Build configuration list for PBXNativeTarget "FoldingCell" */ = {
			isa = XCConfigurationList;
			buildConfigurations = (
				ACBC1D481F7003FA00ABC58C /* Debug */,
				ACBC1D491F7003FA00ABC58C /* Release */,
			);
			defaultConfigurationIsVisible = 0;
		};
/* End XCConfigurationList section */
	};
	rootObject = ACBC1D2D1F7003FA00ABC58C /* Project object */;
}
